{
	  "requires": true,
		    "lockfileVersion": 1,
		      "dependencies": {
			          "@ampproject/remapping": {
					        "version": "2.2.1",
						      "resolved": "https://registry.npmjs.org/@ampproject/remapping/-/remapping-2.2.1.tgz",
						            "integrity": "sha512-lFMjJTrFL3j7L9yBxwYfCq2k6qqwHyzuUl/XBnif78PWTJYyL/dfowQHWE3sp6U6ZzqWiiIZnpTMO96zhkjwtg==",
							          "dev": true,
								        "requires": {
										        "@jridgewell/gen-mapping": "^0.3.0",
											        "@jridgewell/trace-mapping": "^0.3.9"
													      }
						    },
				      "@babel/code-frame": {
					            "version": "7.22.5",
						          "resolved": "https://registry.npmjs.org/@babel/code-frame/-/code-frame-7.22.5.tgz",
							        "integrity": "sha512-Xmwn266vad+6DAqEB2A6V/CcZVp62BbwVmcOJc2RPuwih1kw02TjQvWVWlcKGbBPd+8/0V5DEkOcizRGYsspYQ==",
								      "dev": true,
								            "requires": {
										            "@babel/highlight": "^7.22.5"
												          }
						        },
				          "@babel/compat-data": {
						        "version": "7.22.5",
							      "resolved": "https://registry.npmjs.org/@babel/compat-data/-/compat-data-7.22.5.tgz",
							            "integrity": "sha512-4Jc/YuIaYqKnDDz892kPIledykKg12Aw1PYX5i/TY28anJtacvM1Rrr8wbieB9GfEJwlzqT0hUEao0CxEebiDA==",
								          "dev": true
										      },
					      "@babel/core": {
						            "version": "7.22.5",
							          "resolved": "https://registry.npmjs.org/@babel/core/-/core-7.22.5.tgz",
								        "integrity": "sha512-SBuTAjg91A3eKOvD+bPEz3LlhHZRNu1nFOVts9lzDJTXshHTjII0BAtDS3Y2DAkdZdDKWVZGVwkDfc4Clxn1dg==",
									      "dev": true,
									            "requires": {
											            "@ampproject/remapping": "^2.2.0",
												            "@babel/code-frame": "^7.22.5",
													            "@babel/generator": "^7.22.5",
														            "@babel/helper-compilation-targets": "^7.22.5",
															            "@babel/helper-module-transforms": "^7.22.5",
																            "@babel/helpers": "^7.22.5",
																	            "@babel/parser": "^7.22.5",
																		            "@babel/template": "^7.22.5",
																			            "@babel/traverse": "^7.22.5",
																				            "@babel/types": "^7.22.5",
																					            "convert-source-map": "^1.7.0",
																						            "debug": "^4.1.0",
																							            "gensync": "^1.0.0-beta.2",
																								            "json5": "^2.2.2",
																									            "semver": "^6.3.0"
																											          },
										          "dependencies": {
												          "convert-source-map": {
														            "version": "1.9.0",
															              "resolved": "https://registry.npmjs.org/convert-source-map/-/convert-source-map-1.9.0.tgz",
																                "integrity": "sha512-ASFBup0Mz1uyiIjANan1jzLQami9z1PoYSZCiiYW2FczPbenXc45FZdBZLzOT+r6+iciuEModtmCti+hjaAk0A==",
																		          "dev": true
																				          }
													        }
							        },
					          "@babel/generator": {
							        "version": "7.22.5",
								      "resolved": "https://registry.npmjs.org/@babel/generator/-/generator-7.22.5.tgz",
								            "integrity": "sha512-+lcUbnTRhd0jOewtFSedLyiPsD5tswKkbgcezOqqWFUVNEwoUTlpPOBmvhG7OXWLR4jMdv0czPGH5XbflnD1EA==",
									          "dev": true,
										        "requires": {
												        "@babel/types": "^7.22.5",
													        "@jridgewell/gen-mapping": "^0.3.2",
														        "@jridgewell/trace-mapping": "^0.3.17",
															        "jsesc": "^2.5.1"
																	      }
								    },
						      "@babel/helper-annotate-as-pure": {
							            "version": "7.22.5",
								          "resolved": "https://registry.npmjs.org/@babel/helper-annotate-as-pure/-/helper-annotate-as-pure-7.22.5.tgz",
									        "integrity": "sha512-LvBTxu8bQSQkcyKOU+a1btnNFQ1dMAd0R6PyW3arXes06F6QLWLIrd681bxRPIXlrMGR3XYnW9JyML7dP3qgxg==",
										      "dev": true,
										            "requires": {
												            "@babel/types": "^7.22.5"
														          }
								        },
						          "@babel/helper-builder-binary-assignment-operator-visitor": {
								        "version": "7.22.5",
									      "resolved": "https://registry.npmjs.org/@babel/helper-builder-binary-assignment-operator-visitor/-/helper-builder-binary-assignment-operator-visitor-7.22.5.tgz",
									            "integrity": "sha512-m1EP3lVOPptR+2DwD125gziZNcmoNSHGmJROKoy87loWUQyJaVXDgpmruWqDARZSmtYQ+Dl25okU8+qhVzuykw==",
										          "dev": true,
											        "requires": {
													        "@babel/types": "^7.22.5"
															      }
									    },
							      "@babel/helper-compilation-targets": {
								            "version": "7.22.5",
									          "resolved": "https://registry.npmjs.org/@babel/helper-compilation-targets/-/helper-compilation-targets-7.22.5.tgz",
										        "integrity": "sha512-Ji+ywpHeuqxB8WDxraCiqR0xfhYjiDE/e6k7FuIaANnoOFxAHskHChz4vA1mJC9Lbm01s1PVAGhQY4FUKSkGZw==",
											      "dev": true,
											            "requires": {
													            "@babel/compat-data": "^7.22.5",
														            "@babel/helper-validator-option": "^7.22.5",
															            "browserslist": "^4.21.3",
																            "lru-cache": "^5.1.1",
																	            "semver": "^6.3.0"
																			          }
									        },
							          "@babel/helper-create-class-features-plugin": {
									        "version": "7.22.5",
										      "resolved": "https://registry.npmjs.org/@babel/helper-create-class-features-plugin/-/helper-create-class-features-plugin-7.22.5.tgz",
										            "integrity": "sha512-xkb58MyOYIslxu3gKmVXmjTtUPvBU4odYzbiIQbWwLKIHCsx6UGZGX6F1IznMFVnDdirseUZopzN+ZRt8Xb33Q==",
											          "dev": true,
												        "requires": {
														        "@babel/helper-annotate-as-pure": "^7.22.5",
															        "@babel/helper-environment-visitor": "^7.22.5",
																        "@babel/helper-function-name": "^7.22.5",
																	        "@babel/helper-member-expression-to-functions": "^7.22.5",
																		        "@babel/helper-optimise-call-expression": "^7.22.5",
																			        "@babel/helper-replace-supers": "^7.22.5",
																				        "@babel/helper-skip-transparent-expression-wrappers": "^7.22.5",
																					        "@babel/helper-split-export-declaration": "^7.22.5",
																						        "semver": "^6.3.0"
																								      }
										    },
								      "@babel/helper-create-regexp-features-plugin": {
									            "version": "7.22.5",
										          "resolved": "https://registry.npmjs.org/@babel/helper-create-regexp-features-plugin/-/helper-create-regexp-features-plugin-7.22.5.tgz",
											        "integrity": "sha512-1VpEFOIbMRaXyDeUwUfmTIxExLwQ+zkW+Bh5zXpApA3oQedBx9v/updixWxnx/bZpKw7u8VxWjb/qWpIcmPq8A==",
												      "dev": true,
												            "requires": {
														            "@babel/helper-annotate-as-pure": "^7.22.5",
															            "regexpu-core": "^5.3.1",
																            "semver": "^6.3.0"
																		          }
										        },
								          "@babel/helper-define-polyfill-provider": {
										        "version": "0.4.0",
											      "resolved": "https://registry.npmjs.org/@babel/helper-define-polyfill-provider/-/helper-define-polyfill-provider-0.4.0.tgz",
											            "integrity": "sha512-RnanLx5ETe6aybRi1cO/edaRH+bNYWaryCEmjDDYyNr4wnSzyOp8T0dWipmqVHKEY3AbVKUom50AKSlj1zmKbg==",
												          "dev": true,
													        "requires": {
															        "@babel/helper-compilation-targets": "^7.17.7",
																        "@babel/helper-plugin-utils": "^7.16.7",
																	        "debug": "^4.1.1",
																		        "lodash.debounce": "^4.0.8",
																			        "resolve": "^1.14.2",
																				        "semver": "^6.1.2"
																						      }
											    },
									      "@babel/helper-environment-visitor": {
										            "version": "7.22.5",
											          "resolved": "https://registry.npmjs.org/@babel/helper-environment-visitor/-/helper-environment-visitor-7.22.5.tgz",
												        "integrity": "sha512-XGmhECfVA/5sAt+H+xpSg0mfrHq6FzNr9Oxh7PSEBBRUb/mL7Kz3NICXb194rCqAEdxkhPT1a88teizAFyvk8Q==",
													      "dev": true
														          },
									          "@babel/helper-function-name": {
											        "version": "7.22.5",
												      "resolved": "https://registry.npmjs.org/@babel/helper-function-name/-/helper-function-name-7.22.5.tgz",
												            "integrity": "sha512-wtHSq6jMRE3uF2otvfuD3DIvVhOsSNshQl0Qrd7qC9oQJzHvOL4qQXlQn2916+CXGywIjpGuIkoyZRRxHPiNQQ==",
													          "dev": true,
														        "requires": {
																        "@babel/template": "^7.22.5",
																	        "@babel/types": "^7.22.5"
																			      }
												    },
										      "@babel/helper-hoist-variables": {
											            "version": "7.22.5",
												          "resolved": "https://registry.npmjs.org/@babel/helper-hoist-variables/-/helper-hoist-variables-7.22.5.tgz",
													        "integrity": "sha512-wG
